
Microsoft Visual Studio Solution File, Format Version 12.00
# Visual Studio Version 17
VisualStudioVersion = 17.5.33502.453
MinimumVisualStudioVersion = 10.0.40219.1
Project("{FAE04EC0-301F-11D3-BF4B-00C04F79EFBC}") = "PassengerClassLibrary", "PassengerClassLibrary\PassengerClassLibrary.csproj", "{09C3D2C0-066B-45EA-B248-BBBB2B4142E3}"
EndProject
Global
	GlobalSection(SolutionConfigurationPlatforms) = preSolution
		Debug|Any CPU = Debug|Any CPU
		Release|Any CPU = Release|Any CPU
	EndGlobalSection
	GlobalSection(ProjectConfigurationPlatforms) = postSolution
		{09C3D2C0-066B-45EA-B248-BBBB2B4142E3}.Debug|Any CPU.ActiveCfg = Debug|Any CPU
		{09C3D2C0-066B-45EA-B248-BBBB2B4142E3}.Debug|Any CPU.Build.0 = Debug|Any CPU
		{09C3D2C0-066B-45EA-B248-BBBB2B4142E3}.Release|Any CPU.ActiveCfg = Release|Any CPU
		{09C3D2C0-066B-45EA-B248-BBBB2B4142E3}.Release|Any CPU.Build.0 = Release|Any CPU
	EndGlobalSection
	GlobalSection(SolutionProperties) = preSolution
		HideSolutionNode = FALSE
	EndGlobalSection
	GlobalSection(ExtensibilityGlobals) = postSolution
		SolutionGuid = {84A3776A-3296-4511-8FF0-0E120B806F4E}
	EndGlobalSection
EndGlobal
