
Microsoft Visual Studio Solution File, Format Version 12.00
# Visual Studio Version 17
VisualStudioVersion = 17.5.33502.453
MinimumVisualStudioVersion = 10.0.40219.1
Project("{FAE04EC0-301F-11D3-BF4B-00C04F79EFBC}") = "DriverClassLibrary", "DriverClassLibrary\DriverClassLibrary.csproj", "{9A45D7ED-DC9F-4BB6-B040-994B55B34488}"
EndProject
Global
	GlobalSection(SolutionConfigurationPlatforms) = preSolution
		Debug|Any CPU = Debug|Any CPU
		Release|Any CPU = Release|Any CPU
	EndGlobalSection
	GlobalSection(ProjectConfigurationPlatforms) = postSolution
		{9A45D7ED-DC9F-4BB6-B040-994B55B34488}.Debug|Any CPU.ActiveCfg = Debug|Any CPU
		{9A45D7ED-DC9F-4BB6-B040-994B55B34488}.Debug|Any CPU.Build.0 = Debug|Any CPU
		{9A45D7ED-DC9F-4BB6-B040-994B55B34488}.Release|Any CPU.ActiveCfg = Release|Any CPU
		{9A45D7ED-DC9F-4BB6-B040-994B55B34488}.Release|Any CPU.Build.0 = Release|Any CPU
	EndGlobalSection
	GlobalSection(SolutionProperties) = preSolution
		HideSolutionNode = FALSE
	EndGlobalSection
	GlobalSection(ExtensibilityGlobals) = postSolution
		SolutionGuid = {5630E5D5-5A99-4015-9304-2FC1C0D3B18B}
	EndGlobalSection
EndGlobal
